
Microsoft Visual Studio Solution File, Format Version 12.00
# Visual Studio Version 16
VisualStudioVersion = 16.0.31624.102
MinimumVisualStudioVersion = 10.0.40219.1
Project("{FAE04EC0-301F-11D3-BF4B-00C04F79EFBC}") = "SoftUni", "SoftUni\SoftUni.csproj", "{07E2C0F9-756D-4485-93D6-123823865B31}"
EndProject
Global
	GlobalSection(SolutionConfigurationPlatforms) = preSolution
		Debug|Any CPU = Debug|Any CPU
		Release|Any CPU = Release|Any CPU
	EndGlobalSection
	GlobalSection(ProjectConfigurationPlatforms) = postSolution
		{07E2C0F9-756D-4485-93D6-123823865B31}.Debug|Any CPU.ActiveCfg = Debug|Any CPU
		{07E2C0F9-756D-4485-93D6-123823865B31}.Debug|Any CPU.Build.0 = Debug|Any CPU
		{07E2C0F9-756D-4485-93D6-123823865B31}.Release|Any CPU.ActiveCfg = Release|Any CPU
		{07E2C0F9-756D-4485-93D6-123823865B31}.Release|Any CPU.Build.0 = Release|Any CPU
	EndGlobalSection
	GlobalSection(SolutionProperties) = preSolution
		HideSolutionNode = FALSE
	EndGlobalSection
	GlobalSection(ExtensibilityGlobals) = postSolution
		SolutionGuid = {2E6EC1EE-C0F4-43AF-B95E-109B2C12A766}
	EndGlobalSection
EndGlobal
