
Microsoft Visual Studio Solution File, Format Version 12.00
# Visual Studio Version 16
VisualStudioVersion = 16.0.31624.102
MinimumVisualStudioVersion = 10.0.40219.1
Project("{9A19103F-16F7-4668-BE54-9A1E7A4F7556}") = "SoftJail", "SoftJail\SoftJail.csproj", "{CF198650-2AF0-41D1-BF45-FDE0CB3FAB5E}"
EndProject
Global
	GlobalSection(SolutionConfigurationPlatforms) = preSolution
		Debug|Any CPU = Debug|Any CPU
		Release|Any CPU = Release|Any CPU
	EndGlobalSection
	GlobalSection(ProjectConfigurationPlatforms) = postSolution
		{CF198650-2AF0-41D1-BF45-FDE0CB3FAB5E}.Debug|Any CPU.ActiveCfg = Debug|Any CPU
		{CF198650-2AF0-41D1-BF45-FDE0CB3FAB5E}.Debug|Any CPU.Build.0 = Debug|Any CPU
		{CF198650-2AF0-41D1-BF45-FDE0CB3FAB5E}.Release|Any CPU.ActiveCfg = Release|Any CPU
		{CF198650-2AF0-41D1-BF45-FDE0CB3FAB5E}.Release|Any CPU.Build.0 = Release|Any CPU
	EndGlobalSection
	GlobalSection(SolutionProperties) = preSolution
		HideSolutionNode = FALSE
	EndGlobalSection
	GlobalSection(ExtensibilityGlobals) = postSolution
		SolutionGuid = {D80868A4-342B-41BF-AC89-66083FA8ED1F}
	EndGlobalSection
EndGlobal
