
Microsoft Visual Studio Solution File, Format Version 12.00
# Visual Studio Version 16
VisualStudioVersion = 16.0.31702.278
MinimumVisualStudioVersion = 10.0.40219.1
Project("{FAE04EC0-301F-11D3-BF4B-00C04F79EFBC}") = "P01_HospitalDatabase", "P01_HospitalDatabase\P01_HospitalDatabase.csproj", "{F6F711AA-662F-4F1E-B6BC-12D4E185BE1B}"
EndProject
Project("{FAE04EC0-301F-11D3-BF4B-00C04F79EFBC}") = "P03_SalesDatabase", "P03_SalesDatabase\P03_SalesDatabase.csproj", "{230AB28E-7E16-412C-9AA9-DE56A9CF87AC}"
EndProject
Global
	GlobalSection(SolutionConfigurationPlatforms) = preSolution
		Debug|Any CPU = Debug|Any CPU
		Release|Any CPU = Release|Any CPU
	EndGlobalSection
	GlobalSection(ProjectConfigurationPlatforms) = postSolution
		{F6F711AA-662F-4F1E-B6BC-12D4E185BE1B}.Debug|Any CPU.ActiveCfg = Debug|Any CPU
		{F6F711AA-662F-4F1E-B6BC-12D4E185BE1B}.Debug|Any CPU.Build.0 = Debug|Any CPU
		{F6F711AA-662F-4F1E-B6BC-12D4E185BE1B}.Release|Any CPU.ActiveCfg = Release|Any CPU
		{F6F711AA-662F-4F1E-B6BC-12D4E185BE1B}.Release|Any CPU.Build.0 = Release|Any CPU
		{230AB28E-7E16-412C-9AA9-DE56A9CF87AC}.Debug|Any CPU.ActiveCfg = Debug|Any CPU
		{230AB28E-7E16-412C-9AA9-DE56A9CF87AC}.Debug|Any CPU.Build.0 = Debug|Any CPU
		{230AB28E-7E16-412C-9AA9-DE56A9CF87AC}.Release|Any CPU.ActiveCfg = Release|Any CPU
		{230AB28E-7E16-412C-9AA9-DE56A9CF87AC}.Release|Any CPU.Build.0 = Release|Any CPU
	EndGlobalSection
	GlobalSection(SolutionProperties) = preSolution
		HideSolutionNode = FALSE
	EndGlobalSection
	GlobalSection(ExtensibilityGlobals) = postSolution
		SolutionGuid = {043C4248-2F17-4481-B735-3D8554F1811E}
	EndGlobalSection
EndGlobal
